
Microsoft Visual Studio Solution File, Format Version 12.00
# Visual Studio 14
VisualStudioVersion = 14.0.25420.1
MinimumVisualStudioVersion = 10.0.40219.1
Project("{FAE04EC0-301F-11D3-BF4B-00C04F79EFBC}") = "server", "server\server.csproj", "{DB043CD8-D2B3-49A3-9F45-44CE02ACAEF2}"
EndProject
Project("{FAE04EC0-301F-11D3-BF4B-00C04F79EFBC}") = "Client", "Client\Client.csproj", "{2EE7D436-B41F-4E56-A3C1-51CDC78F1FAD}"
EndProject
Project("{FAE04EC0-301F-11D3-BF4B-00C04F79EFBC}") = "Method", "Method\Method.csproj", "{B88D4679-4090-44F3-A5C7-11E8A8F04DCB}"
EndProject
Project("{FAE04EC0-301F-11D3-BF4B-00C04F79EFBC}") = "test", "test\test.csproj", "{23ECC644-D7B6-4B4B-AE02-C9652417560D}"
EndProject
Global
	GlobalSection(SolutionConfigurationPlatforms) = preSolution
		Debug|Any CPU = Debug|Any CPU
		Release|Any CPU = Release|Any CPU
	EndGlobalSection
	GlobalSection(ProjectConfigurationPlatforms) = postSolution
		{DB043CD8-D2B3-49A3-9F45-44CE02ACAEF2}.Debug|Any CPU.ActiveCfg = Debug|Any CPU
		{DB043CD8-D2B3-49A3-9F45-44CE02ACAEF2}.Debug|Any CPU.Build.0 = Debug|Any CPU
		{DB043CD8-D2B3-49A3-9F45-44CE02ACAEF2}.Release|Any CPU.ActiveCfg = Release|Any CPU
		{DB043CD8-D2B3-49A3-9F45-44CE02ACAEF2}.Release|Any CPU.Build.0 = Release|Any CPU
		{2EE7D436-B41F-4E56-A3C1-51CDC78F1FAD}.Debug|Any CPU.ActiveCfg = Debug|Any CPU
		{2EE7D436-B41F-4E56-A3C1-51CDC78F1FAD}.Debug|Any CPU.Build.0 = Debug|Any CPU
		{2EE7D436-B41F-4E56-A3C1-51CDC78F1FAD}.Release|Any CPU.ActiveCfg = Release|Any CPU
		{2EE7D436-B41F-4E56-A3C1-51CDC78F1FAD}.Release|Any CPU.Build.0 = Release|Any CPU
		{B88D4679-4090-44F3-A5C7-11E8A8F04DCB}.Debug|Any CPU.ActiveCfg = Debug|Any CPU
		{B88D4679-4090-44F3-A5C7-11E8A8F04DCB}.Debug|Any CPU.Build.0 = Debug|Any CPU
		{B88D4679-4090-44F3-A5C7-11E8A8F04DCB}.Release|Any CPU.ActiveCfg = Release|Any CPU
		{B88D4679-4090-44F3-A5C7-11E8A8F04DCB}.Release|Any CPU.Build.0 = Release|Any CPU
		{23ECC644-D7B6-4B4B-AE02-C9652417560D}.Debug|Any CPU.ActiveCfg = Debug|Any CPU
		{23ECC644-D7B6-4B4B-AE02-C9652417560D}.Debug|Any CPU.Build.0 = Debug|Any CPU
		{23ECC644-D7B6-4B4B-AE02-C9652417560D}.Release|Any CPU.ActiveCfg = Release|Any CPU
		{23ECC644-D7B6-4B4B-AE02-C9652417560D}.Release|Any CPU.Build.0 = Release|Any CPU
	EndGlobalSection
	GlobalSection(SolutionProperties) = preSolution
		HideSolutionNode = FALSE
	EndGlobalSection
EndGlobal
